
Microsoft Visual Studio Solution File, Format Version 12.00
# Visual Studio 2013
VisualStudioVersion = 12.0.21005.1
MinimumVisualStudioVersion = 10.0.40219.1
Project("{FAE04EC0-301F-11D3-BF4B-00C04F79EFBC}") = "EF-Ninject-Si", "EF-Ninject-Si\EF-Ninject-Si.csproj", "{0D562DC9-7635-43EB-9179-7F1294D951F9}"
EndProject
Project("{FAE04EC0-301F-11D3-BF4B-00C04F79EFBC}") = "UI", "UI\UI.csproj", "{C0C0375C-62B0-4B77-BC5F-5FC4DD6BA2CF}"
EndProject
Project("{FAE04EC0-301F-11D3-BF4B-00C04F79EFBC}") = "Domain", "Domain\Domain.csproj", "{7F8EDA19-6CDA-4FF9-B383-8C1D250DEDA9}"
EndProject
Project("{2150E333-8FDC-42A3-9474-1A3956D46DE8}") = "UtilsPort", "UtilsPort", "{522EFEFE-9E15-4AF6-AA80-D20DF1AFA1A2}"
EndProject
Project("{2150E333-8FDC-42A3-9474-1A3956D46DE8}") = "Spec", "Spec", "{56290303-BA08-4BEA-9573-86E6D76D8A97}"
EndProject
Project("{FAE04EC0-301F-11D3-BF4B-00C04F79EFBC}") = "SilverlightUnitTestsApp", "Spec\SilverlightUnitTestsApp\SilverlightUnitTestsApp.csproj", "{D84C222F-BBA7-4F8D-9F88-F9D04E3CA275}"
EndProject
Project("{FAE04EC0-301F-11D3-BF4B-00C04F79EFBC}") = "IgniterPart.SDK", "UtilsPort\IgniterPart.SDK\IgniterPart.SDK.csproj", "{F695784C-2BBA-4488-B291-97DDDDEAC065}"
EndProject
Project("{FAE04EC0-301F-11D3-BF4B-00C04F79EFBC}") = "IgniterPart.TelerikProvider", "UtilsPort\IgniterPart.TelerikProvider\IgniterPart.TelerikProvider.csproj", "{8E5BF9F8-07F8-48E6-86F7-F64663F314B3}"
EndProject
Global
	GlobalSection(SolutionConfigurationPlatforms) = preSolution
		Debug|Any CPU = Debug|Any CPU
		Release|Any CPU = Release|Any CPU
	EndGlobalSection
	GlobalSection(ProjectConfigurationPlatforms) = postSolution
		{0D562DC9-7635-43EB-9179-7F1294D951F9}.Debug|Any CPU.ActiveCfg = Debug|Any CPU
		{0D562DC9-7635-43EB-9179-7F1294D951F9}.Debug|Any CPU.Build.0 = Debug|Any CPU
		{0D562DC9-7635-43EB-9179-7F1294D951F9}.Release|Any CPU.ActiveCfg = Release|Any CPU
		{0D562DC9-7635-43EB-9179-7F1294D951F9}.Release|Any CPU.Build.0 = Release|Any CPU
		{C0C0375C-62B0-4B77-BC5F-5FC4DD6BA2CF}.Debug|Any CPU.ActiveCfg = Debug|Any CPU
		{C0C0375C-62B0-4B77-BC5F-5FC4DD6BA2CF}.Debug|Any CPU.Build.0 = Debug|Any CPU
		{C0C0375C-62B0-4B77-BC5F-5FC4DD6BA2CF}.Release|Any CPU.ActiveCfg = Release|Any CPU
		{C0C0375C-62B0-4B77-BC5F-5FC4DD6BA2CF}.Release|Any CPU.Build.0 = Release|Any CPU
		{7F8EDA19-6CDA-4FF9-B383-8C1D250DEDA9}.Debug|Any CPU.ActiveCfg = Debug|Any CPU
		{7F8EDA19-6CDA-4FF9-B383-8C1D250DEDA9}.Debug|Any CPU.Build.0 = Debug|Any CPU
		{7F8EDA19-6CDA-4FF9-B383-8C1D250DEDA9}.Release|Any CPU.ActiveCfg = Release|Any CPU
		{7F8EDA19-6CDA-4FF9-B383-8C1D250DEDA9}.Release|Any CPU.Build.0 = Release|Any CPU
		{D84C222F-BBA7-4F8D-9F88-F9D04E3CA275}.Debug|Any CPU.ActiveCfg = Debug|Any CPU
		{D84C222F-BBA7-4F8D-9F88-F9D04E3CA275}.Debug|Any CPU.Build.0 = Debug|Any CPU
		{D84C222F-BBA7-4F8D-9F88-F9D04E3CA275}.Release|Any CPU.ActiveCfg = Release|Any CPU
		{D84C222F-BBA7-4F8D-9F88-F9D04E3CA275}.Release|Any CPU.Build.0 = Release|Any CPU
		{F695784C-2BBA-4488-B291-97DDDDEAC065}.Debug|Any CPU.ActiveCfg = Debug|Any CPU
		{F695784C-2BBA-4488-B291-97DDDDEAC065}.Debug|Any CPU.Build.0 = Debug|Any CPU
		{F695784C-2BBA-4488-B291-97DDDDEAC065}.Release|Any CPU.ActiveCfg = Release|Any CPU
		{F695784C-2BBA-4488-B291-97DDDDEAC065}.Release|Any CPU.Build.0 = Release|Any CPU
		{8E5BF9F8-07F8-48E6-86F7-F64663F314B3}.Debug|Any CPU.ActiveCfg = Debug|Any CPU
		{8E5BF9F8-07F8-48E6-86F7-F64663F314B3}.Debug|Any CPU.Build.0 = Debug|Any CPU
		{8E5BF9F8-07F8-48E6-86F7-F64663F314B3}.Release|Any CPU.ActiveCfg = Release|Any CPU
		{8E5BF9F8-07F8-48E6-86F7-F64663F314B3}.Release|Any CPU.Build.0 = Release|Any CPU
	EndGlobalSection
	GlobalSection(SolutionProperties) = preSolution
		HideSolutionNode = FALSE
	EndGlobalSection
	GlobalSection(NestedProjects) = preSolution
		{F695784C-2BBA-4488-B291-97DDDDEAC065} = {522EFEFE-9E15-4AF6-AA80-D20DF1AFA1A2}
		{8E5BF9F8-07F8-48E6-86F7-F64663F314B3} = {522EFEFE-9E15-4AF6-AA80-D20DF1AFA1A2}
		{D84C222F-BBA7-4F8D-9F88-F9D04E3CA275} = {56290303-BA08-4BEA-9573-86E6D76D8A97}
	EndGlobalSection
EndGlobal
